<?xml version="1.0" encoding="utf-8"?>
<Project ToolsVersion="4.0" xmlns="http://schemas.microsoft.com/developer/msbuild/2003">
  <ItemGroup>
    <Filter Include="Source Files">
      <UniqueIdentifier>{4FC737F1-C7A5-4376-A066-2A32D752A2FF}</UniqueIdentifier>
      <Extensions>cpp;c;cc;cxx;def;odl;idl;hpj;bat;asm;asmx</Extensions>
    </Filter>
    <Filter Include="Header Files">
      <UniqueIdentifier>{93995380-89BD-4b04-88EB-625FBE52EBFB}</UniqueIdentifier>
      <Extensions>h;hh;hpp;hxx;hm;inl;inc;xsd</Extensions>
    </Filter>
    <Filter Include="Resource Files">
      <UniqueIdentifier>{67DA6AB6-F800-4c08-8B7A-83BB121AAD01}</UniqueIdentifier>
      <Extensions>rc;ico;cur;bmp;dlg;rc2;rct;bin;rgs;gif;jpg;jpeg;jpe;resx;tiff;tif;png;wav;mfcribbon-ms</Extensions>
    </Filter>
  </ItemGroup>
  <ItemGroup>
    <ClCompile Include="src\1_HelloTriangle\HelloTriangleSrc.cpp">
      <Filter>Source Files</Filter>
    </ClCompile>
    <ClCompile Include="src\1_HelloTriangle\HelloTriangleTask1.cpp">
      <Filter>Source Files</Filter>
    </ClCompile>
    <ClCompile Include="src\1_HelloTriangle\HelloTriangleTask2.cpp">
      <Filter>Source Files</Filter>
    </ClCompile>
    <ClCompile Include="src\1_HelloTriangle\HelloTriangleTask3.cpp">
      <Filter>Source Files</Filter>
    </ClCompile>
    <ClCompile Include="src\1_HelloTriangle\HelloTriangleTask4.cpp">
      <Filter>Source Files</Filter>
    </ClCompile>
    <ClCompile Include="src\2_Shaders\shaderClass\Shader.cpp">
      <Filter>Source Files</Filter>
    </ClCompile>
    <ClCompile Include="src\2_Shaders\ShadersClass.cpp">
      <Filter>Source Files</Filter>
    </ClCompile>
    <ClCompile Include="src\2_Shaders\ShadersInterpolation.cpp">
      <Filter>Source Files</Filter>
    </ClCompile>
    <ClCompile Include="src\2_Shaders\ShadersUniform.cpp">
      <Filter>Source Files</Filter>
    </ClCompile>
    <ClCompile Include="src\2_Shaders\ShaderTask1.cpp">
      <Filter>Source Files</Filter>
    </ClCompile>
    <ClCompile Include="src\2_Shaders\ShaderTask2.cpp">
      <Filter>Source Files</Filter>
    </ClCompile>
    <ClCompile Include="src\2_Shaders\ShaderTask3.cpp">
      <Filter>Source Files</Filter>
    </ClCompile>
    <ClCompile Include="Dependencies\glad\src\glad.c">
      <Filter>Source Files</Filter>
    </ClCompile>
    <ClCompile Include="Dependencies\OtherLibs\stb_image.cpp">
      <Filter>Source Files</Filter>
    </ClCompile>
    <ClCompile Include="src\3_Texture\Textures.cpp">
      <Filter>Source Files</Filter>
    </ClCompile>
    <ClCompile Include="src\3_Texture\TexturesCombined.cpp">
      <Filter>Source Files</Filter>
    </ClCompile>
    <ClCompile Include="src\3_Texture\TextureTask1.cpp">
      <Filter>Source Files</Filter>
    </ClCompile>
    <ClCompile Include="src\3_Texture\TextureTask2.cpp">
      <Filter>Source Files</Filter>
    </ClCompile>
    <ClCompile Include="src\3_Texture\TextureTask3.cpp">
      <Filter>Source Files</Filter>
    </ClCompile>
    <ClCompile Include="src\3_Texture\TextureTask4.cpp">
      <Filter>Source Files</Filter>
    </ClCompile>
    <ClCompile Include="src\4_Transformations\Transformations.cpp">
      <Filter>Source Files</Filter>
    </ClCompile>
    <ClCompile Include="src\5_CoordinateSystems\CoordinateSystems1.cpp">
      <Filter>Source Files</Filter>
    </ClCompile>
    <ClCompile Include="src\5_CoordinateSystems\CoordinateSystems2.cpp">
      <Filter>Source Files</Filter>
    </ClCompile>
    <ClCompile Include="src\5_CoordinateSystems\CoordinateSystems3.cpp">
      <Filter>Source Files</Filter>
    </ClCompile>
    <ClCompile Include="src\5_CoordinateSystems\CoordinateSystemsTask1.cpp">
      <Filter>Source Files</Filter>
    </ClCompile>
    <ClCompile Include="src\6_Camera\1_CameraCircle.cpp">
      <Filter>Source Files</Filter>
    </ClCompile>
    <ClCompile Include="src\6_Camera\2_CameraKeyboard.cpp">
      <Filter>Source Files</Filter>
    </ClCompile>
    <ClCompile Include="src\6_Camera\3_CameraMouseZoom.cpp">
      <Filter>Source Files</Filter>
    </ClCompile>
    <ClCompile Include="src\6_Camera\4_UseCameraClass.cpp">
      <Filter>Source Files</Filter>
    </ClCompile>
    <ClCompile Include="src\6_Camera\5_CameraTask1.cpp">
      <Filter>Source Files</Filter>
    </ClCompile>
    <ClCompile Include="src\6_Camera\6_SelfLookAtFuncTask2.cpp">
      <Filter>Source Files</Filter>
    </ClCompile>
    <ClCompile Include="src\7_Colors\Colors.cpp">
      <Filter>Source Files</Filter>
    </ClCompile>
    <ClCompile Include="src\8_BasicLighting\1_BasicLightingDiffuse.cpp">
      <Filter>Source Files</Filter>
    </ClCompile>
    <ClCompile Include="src\8_BasicLighting\2_BasicLightingSpecular.cpp">
      <Filter>Source Files</Filter>
    </ClCompile>
    <ClCompile Include="src\8_BasicLighting\BasicLightingTasks.cpp">
      <Filter>Source Files</Filter>
    </ClCompile>
    <ClCompile Include="src\9_Materials\E1_Materials.cpp">
      <Filter>Source Files</Filter>
    </ClCompile>
    <ClCompile Include="src\9_Materials\T1_ChangeColorLightCube.cpp">
      <Filter>Source Files</Filter>
    </ClCompile>
    <ClCompile Include="src\9_Materials\T2_SimulateRealWorldObject.cpp">
      <Filter>Source Files</Filter>
    </ClCompile>
    <ClCompile Include="src\10_LightingMaps\E1_LightingMapSpecular.cpp">
      <Filter>Source Files</Filter>
    </ClCompile>
    <ClCompile Include="src\10_LightingMaps\T4_EmissionMap.cpp">
      <Filter>Source Files</Filter>
    </ClCompile>
    <ClCompile Include="src\11_LightCasters\E1_LightCastersDirectional.cpp">
      <Filter>Source Files</Filter>
    </ClCompile>
    <ClCompile Include="src\11_LightCasters\E2_LightCatersPoint.cpp">
      <Filter>Source Files</Filter>
    </ClCompile>
    <ClCompile Include="src\11_LightCasters\E3_FlashLight.cpp">
      <Filter>Source Files</Filter>
    </ClCompile>
    <ClCompile Include="src\11_LightCasters\E4_SmoothEdgeFlashLight.cpp">
      <Filter>Source Files</Filter>
    </ClCompile>
    <ClCompile Include="src\12_MultipleLights\E1_MultipleLights.cpp">
      <Filter>Source Files</Filter>
    </ClCompile>
    <ClCompile Include="src\13_Model\E1_ModelLoading.cpp">
      <Filter>Source Files</Filter>
    </ClCompile>
    <ClCompile Include="src\13_Model\test.cpp">
      <Filter>Source Files</Filter>
    </ClCompile>
    <ClCompile Include="src\14_DepthTesting\E1_DepthTesting.cpp">
      <Filter>Source Files</Filter>
    </ClCompile>
    <ClCompile Include="src\15_StencilTesting\E1_StencilTesting.cpp">
      <Filter>Source Files</Filter>
    </ClCompile>
    <ClCompile Include="src\16_Blending\E1_BlendingDiscard.cpp">
      <Filter>Source Files</Filter>
    </ClCompile>
    <ClCompile Include="src\16_Blending\E2_BlendingSorted.cpp">
      <Filter>Source Files</Filter>
    </ClCompile>
    <ClCompile Include="src\24_Instance\E3_AsteroidInstanced.cpp">
      <Filter>Source Files</Filter>
    </ClCompile>
    <ClCompile Include="src\1_HelloTriangle\1_HelloTriangle.cpp">
      <Filter>Source Files</Filter>
    </ClCompile>
    <ClCompile Include="src\2_Shaders\1_ShaderUniform.cpp">
      <Filter>Source Files</Filter>
    </ClCompile>
    <ClCompile Include="src\2_Shaders\2_ShadersInterpolation.cpp">
      <Filter>Source Files</Filter>
    </ClCompile>
    <ClCompile Include="src\4_Transformations\1_TranslationTransformation.cpp">
      <Filter>Source Files</Filter>
    </ClCompile>
    <ClCompile Include="Dependencies\OtherLibs\ShaderClass\Shader.cpp">
      <Filter>Source Files</Filter>
    </ClCompile>
  </ItemGroup>
  <ItemGroup>
    <None Include="src\2_Shaders\ShaderFiles\shader1.frs" />
    <None Include="src\2_Shaders\ShaderFiles\shader1.vs" />
    <None Include="src\2_Shaders\ShaderFiles\shader2.vs" />
    <None Include="src\2_Shaders\ShaderFiles\shader3.vs" />
    <None Include="src\2_Shaders\ShaderFiles\Shader4.frs" />
    <None Include="src\2_Shaders\ShaderFiles\Shader4.vs" />
    <None Include="src\3_Texture\ShaderFiles\Shader1.vs" />
    <None Include="src\3_Texture\ShaderFiles\Shader1.frs" />
    <None Include="src\3_Texture\ShaderFiles\Shader2.frs" />
    <None Include="src\3_Texture\ShaderFiles\ShaderTask4.vs" />
    <None Include="src\3_Texture\ShaderFiles\ShaderTask4.frs" />
    <None Include="src\4_Transformations\ShaderFiles\Shader1.vs" />
    <None Include="src\4_Transformations\ShaderFiles\Shader1.frs" />
    <None Include="src\5_CoordinateSystems\ShaderFiles\Shader1.frs" />
    <None Include="src\5_CoordinateSystems\ShaderFiles\Shader1.vs" />
    <None Include="src\6_Camera\ShaderFiles\Shader1.vs" />
    <None Include="src\6_Camera\ShaderFiles\Shader1.frs" />
    <None Include="src\7_Colors\ShaderFiles\colors.vs" />
    <None Include="src\7_Colors\ShaderFiles\colors.frs" />
    <None Include="src\7_Colors\ShaderFiles\light_cube.vs" />
    <None Include="src\7_Colors\ShaderFiles\light_cube.frs" />
    <None Include="src\8_BasicLighting\ShaderFiles\basic_lighting.vs" />
    <None Include="src\8_BasicLighting\ShaderFiles\basic_lighting.frs" />
    <None Include="src\8_BasicLighting\ShaderFiles\light_cube.vs" />
    <None Include="src\8_BasicLighting\ShaderFiles\light_cube.frs" />
    <None Include="src\8_BasicLighting\ShaderFiles\basic_lighting2.vs" />
    <None Include="src\8_BasicLighting\ShaderFiles\basic_lighting2.frs" />
    <None Include="src\8_BasicLighting\ShaderFiles\light_cube2.vs" />
    <None Include="src\8_BasicLighting\ShaderFiles\light_cube2.frs" />
    <None Include="src\8_BasicLighting\ShaderFiles\basic_lighting_task1.vs" />
    <None Include="src\8_BasicLighting\ShaderFiles\basic_lighting_task1.frs" />
    <None Include="src\8_BasicLighting\ShaderFiles\basic_lighting_task2.vs" />
    <None Include="src\8_BasicLighting\ShaderFiles\basic_lighting_task2.frs" />
    <None Include="src\8_BasicLighting\ShaderFiles\basic_lighting_task3.frs" />
    <None Include="src\8_BasicLighting\ShaderFiles\basic_lighting_task3.vs" />
    <None Include="src\9_Materials\ShaderFiles\e1_light_cube.frs" />
    <None Include="src\9_Materials\ShaderFiles\e1_light_cube.vs" />
    <None Include="src\9_Materials\ShaderFiles\e1_materials.frs" />
    <None Include="src\9_Materials\ShaderFiles\e1_materials.vs" />
    <None Include="src\9_Materials\ShaderFiles\t1_light_cube.vs" />
    <None Include="src\9_Materials\ShaderFiles\t1_light_cube.frs" />
    <None Include="src\10_LightingMaps\ShaderFiles\e1_light_cube.vs" />
    <None Include="src\10_LightingMaps\ShaderFiles\e1_light_cube.frs" />
    <None Include="src\10_LightingMaps\ShaderFiles\e1_lighting_maps.vs" />
    <None Include="src\10_LightingMaps\ShaderFiles\e1_lighting_maps.frs" />
    <None Include="src\10_LightingMaps\ShaderFiles\t1_lighting_maps.frs" />
    <None Include="src\10_LightingMaps\ShaderFiles\t4_lighting_maps.frs" />
    <None Include="src\10_LightingMaps\ShaderFiles\t4_lighting_maps.vs" />
    <None Include="src\11_LightCasters\ShaderFiles\e1_light_casters.vs" />
    <None Include="src\11_LightCasters\ShaderFiles\e1_light_casters.frs" />
    <None Include="src\11_LightCasters\ShaderFiles\e2_light_casters.vs" />
    <None Include="src\11_LightCasters\ShaderFiles\e2_light_casters.frs" />
    <None Include="src\11_LightCasters\ShaderFiles\e3_light_casters.vs" />
    <None Include="src\11_LightCasters\ShaderFiles\e3_light_casters.frs" />
    <None Include="src\11_LightCasters\ShaderFiles\e4_light_casters.frs" />
    <None Include="src\12_MultipleLights\ShaderFiles\e1_multiple_lights.vs" />
    <None Include="src\12_MultipleLights\ShaderFiles\e1_multiple_lights.frs" />
    <None Include="src\12_MultipleLights\ShaderFiles\e1_light_cube.vs" />
    <None Include="src\12_MultipleLights\ShaderFiles\e1_light_cube.frs" />
    <None Include="Dependencies\OtherLibs\Assimp\include\assimp\color4.inl">
      <Filter>Header Files</Filter>
    </None>
    <None Include="Dependencies\OtherLibs\Assimp\include\assimp\material.inl">
      <Filter>Header Files</Filter>
    </None>
    <None Include="Dependencies\OtherLibs\Assimp\include\assimp\matrix3x3.inl">
      <Filter>Header Files</Filter>
    </None>
    <None Include="Dependencies\OtherLibs\Assimp\include\assimp\matrix4x4.inl">
      <Filter>Header Files</Filter>
    </None>
    <None Include="Dependencies\OtherLibs\Assimp\include\assimp\quaternion.inl">
      <Filter>Header Files</Filter>
    </None>
    <None Include="Dependencies\OtherLibs\Assimp\include\assimp\vector2.inl">
      <Filter>Header Files</Filter>
    </None>
    <None Include="Dependencies\OtherLibs\Assimp\include\assimp\vector3.inl">
      <Filter>Header Files</Filter>
    </None>
    <None Include="src\13_Model\ShaderFiles\e1_model_loading.vs" />
    <None Include="src\13_Model\ShaderFiles\e1_model_loading.frs" />
    <None Include="Resources\objects\backpack\backpack.mtl" />
    <None Include="src\14_DepthTesting\ShaderFiles\e1_depth_testing.vs" />
    <None Include="src\14_DepthTesting\ShaderFiles\e1_depth_testing.frs" />
    <None Include="src\15_StencilTesting\ShaderFiles\e1_stencil_testing.vs" />
    <None Include="src\15_StencilTesting\ShaderFiles\e1_stencil_testing.frs" />
    <None Include="src\15_StencilTesting\ShaderFiles\e1_stencil_single_color.frs" />
    <None Include="src\16_Blending\ShaderFiles\e1_blending.vs" />
    <None Include="src\16_Blending\ShaderFiles\e1_blending.frs" />
    <None Include="src\16_Blending\ShaderFiles\e2_blending.vs" />
    <None Include="src\16_Blending\ShaderFiles\e2_blending.frs" />
  </ItemGroup>
  <ItemGroup>
    <ClInclude Include="src\2_Shaders\shaderClass\Shader.h">
      <Filter>Header Files</Filter>
    </ClInclude>
    <ClInclude Include="Dependencies\OtherLibs\CameraClass\Camera.h">
      <Filter>Header Files</Filter>
    </ClInclude>
    <ClInclude Include="Dependencies\OtherLibs\stb_image.h">
      <Filter>Header Files</Filter>
    </ClInclude>
    <ClInclude Include="Dependencies\OtherLibs\Assimp\include\assimp\Compiler\poppack1.h">
      <Filter>Header Files</Filter>
    </ClInclude>
    <ClInclude Include="Dependencies\OtherLibs\Assimp\include\assimp\Compiler\pstdint.h">
      <Filter>Header Files</Filter>
    </ClInclude>
    <ClInclude Include="Dependencies\OtherLibs\Assimp\include\assimp\Compiler\pushpack1.h">
      <Filter>Header Files</Filter>
    </ClInclude>
    <ClInclude Include="Dependencies\OtherLibs\Assimp\include\assimp\port\AndroidJNI\AndroidJNIIOSystem.h">
      <Filter>Header Files</Filter>
    </ClInclude>
    <ClInclude Include="Dependencies\OtherLibs\Assimp\include\assimp\ai_assert.h">
      <Filter>Header Files</Filter>
    </ClInclude>
    <ClInclude Include="Dependencies\OtherLibs\Assimp\include\assimp\anim.h">
      <Filter>Header Files</Filter>
    </ClInclude>
    <ClInclude Include="Dependencies\OtherLibs\Assimp\include\assimp\camera.h">
      <Filter>Header Files</Filter>
    </ClInclude>
    <ClInclude Include="Dependencies\OtherLibs\Assimp\include\assimp\cexport.h">
      <Filter>Header Files</Filter>
    </ClInclude>
    <ClInclude Include="Dependencies\OtherLibs\Assimp\include\assimp\cfileio.h">
      <Filter>Header Files</Filter>
    </ClInclude>
    <ClInclude Include="Dependencies\OtherLibs\Assimp\include\assimp\cimport.h">
      <Filter>Header Files</Filter>
    </ClInclude>
    <ClInclude Include="Dependencies\OtherLibs\Assimp\include\assimp\color4.h">
      <Filter>Header Files</Filter>
    </ClInclude>
    <ClInclude Include="Dependencies\OtherLibs\Assimp\include\assimp\config.h">
      <Filter>Header Files</Filter>
    </ClInclude>
    <ClInclude Include="Dependencies\OtherLibs\Assimp\include\assimp\DefaultLogger.hpp">
      <Filter>Header Files</Filter>
    </ClInclude>
    <ClInclude Include="Dependencies\OtherLibs\Assimp\include\assimp\defs.h">
      <Filter>Header Files</Filter>
    </ClInclude>
    <ClInclude Include="Dependencies\OtherLibs\Assimp\include\assimp\Exporter.hpp">
      <Filter>Header Files</Filter>
    </ClInclude>
    <ClInclude Include="Dependencies\OtherLibs\Assimp\include\assimp\Importer.hpp">
      <Filter>Header Files</Filter>
    </ClInclude>
    <ClInclude Include="Dependencies\OtherLibs\Assimp\include\assimp\importerdesc.h">
      <Filter>Header Files</Filter>
    </ClInclude>
    <ClInclude Include="Dependencies\OtherLibs\Assimp\include\assimp\IOStream.hpp">
      <Filter>Header Files</Filter>
    </ClInclude>
    <ClInclude Include="Dependencies\OtherLibs\Assimp\include\assimp\IOSystem.hpp">
      <Filter>Header Files</Filter>
    </ClInclude>
    <ClInclude Include="Dependencies\OtherLibs\Assimp\include\assimp\light.h">
      <Filter>Header Files</Filter>
    </ClInclude>
    <ClInclude Include="Dependencies\OtherLibs\Assimp\include\assimp\Logger.hpp">
      <Filter>Header Files</Filter>
    </ClInclude>
    <ClInclude Include="Dependencies\OtherLibs\Assimp\include\assimp\LogStream.hpp">
      <Filter>Header Files</Filter>
    </ClInclude>
    <ClInclude Include="Dependencies\OtherLibs\Assimp\include\assimp\material.h">
      <Filter>Header Files</Filter>
    </ClInclude>
    <ClInclude Include="Dependencies\OtherLibs\Assimp\include\assimp\matrix3x3.h">
      <Filter>Header Files</Filter>
    </ClInclude>
    <ClInclude Include="Dependencies\OtherLibs\Assimp\include\assimp\matrix4x4.h">
      <Filter>Header Files</Filter>
    </ClInclude>
    <ClInclude Include="Dependencies\OtherLibs\Assimp\include\assimp\mesh.h">
      <Filter>Header Files</Filter>
    </ClInclude>
    <ClInclude Include="Dependencies\OtherLibs\Assimp\include\assimp\metadata.h">
      <Filter>Header Files</Filter>
    </ClInclude>
    <ClInclude Include="Dependencies\OtherLibs\Assimp\include\assimp\NullLogger.hpp">
      <Filter>Header Files</Filter>
    </ClInclude>
    <ClInclude Include="Dependencies\OtherLibs\Assimp\include\assimp\postprocess.h">
      <Filter>Header Files</Filter>
    </ClInclude>
    <ClInclude Include="Dependencies\OtherLibs\Assimp\include\assimp\ProgressHandler.hpp">
      <Filter>Header Files</Filter>
    </ClInclude>
    <ClInclude Include="Dependencies\OtherLibs\Assimp\include\assimp\quaternion.h">
      <Filter>Header Files</Filter>
    </ClInclude>
    <ClInclude Include="Dependencies\OtherLibs\Assimp\include\assimp\scene.h">
      <Filter>Header Files</Filter>
    </ClInclude>
    <ClInclude Include="Dependencies\OtherLibs\Assimp\include\assimp\texture.h">
      <Filter>Header Files</Filter>
    </ClInclude>
    <ClInclude Include="Dependencies\OtherLibs\Assimp\include\assimp\types.h">
      <Filter>Header Files</Filter>
    </ClInclude>
    <ClInclude Include="Dependencies\OtherLibs\Assimp\include\assimp\vector2.h">
      <Filter>Header Files</Filter>
    </ClInclude>
    <ClInclude Include="Dependencies\OtherLibs\Assimp\include\assimp\vector3.h">
      <Filter>Header Files</Filter>
    </ClInclude>
    <ClInclude Include="Dependencies\OtherLibs\Assimp\include\assimp\version.h">
      <Filter>Header Files</Filter>
    </ClInclude>
    <ClInclude Include="Dependencies\OtherLibs\MeshClass\mesh.h">
      <Filter>Header Files</Filter>
    </ClInclude>
    <ClInclude Include="Dependencies\OtherLibs\MeshClass\mesh1.h">
      <Filter>Header Files</Filter>
    </ClInclude>
    <ClInclude Include="Dependencies\OtherLibs\ModelClass\model.h">
      <Filter>Header Files</Filter>
    </ClInclude>
    <ClInclude Include="Dependencies\OtherLibs\ShaderClass\Shader.h">
      <Filter>Header Files</Filter>
    </ClInclude>
  </ItemGroup>
  <ItemGroup>
    <Image Include="Resources\imgs\container.jpg">
      <Filter>Resource Files</Filter>
    </Image>
    <Image Include="Resources\imgs\wall.jpg">
      <Filter>Resource Files</Filter>
    </Image>
    <Image Include="Resources\imgs\awesomeface.png">
      <Filter>Resource Files</Filter>
    </Image>
    <Image Include="Resources\imgs\container2.png">
      <Filter>Resource Files</Filter>
    </Image>
    <Image Include="Resources\imgs\container2_specular.png">
      <Filter>Resource Files</Filter>
    </Image>
    <Image Include="Resources\imgs\lighting_maps_specular_color.png">
      <Filter>Resource Files</Filter>
    </Image>
    <Image Include="Resources\imgs\matrix.jpg">
      <Filter>Resource Files</Filter>
    </Image>
    <Image Include="Resources\objects\backpack\ao.jpg">
      <Filter>Resource Files</Filter>
    </Image>
    <Image Include="Resources\objects\backpack\diffuse.jpg">
      <Filter>Resource Files</Filter>
    </Image>
    <Image Include="Resources\objects\backpack\normal.png">
      <Filter>Resource Files</Filter>
    </Image>
    <Image Include="Resources\objects\backpack\roughness.jpg">
      <Filter>Resource Files</Filter>
    </Image>
    <Image Include="Resources\objects\backpack\specular.jpg">
      <Filter>Resource Files</Filter>
    </Image>
  </ItemGroup>
  <ItemGroup>
    <Text Include="Dependencies\OtherLibs\README.txt" />
    <Text Include="Resources\objects\backpack\source_attribution.txt" />
  </ItemGroup>
</Project>