<?xml version="1.0" encoding="utf-8"?>
<Project ToolsVersion="4.0" xmlns="http://schemas.microsoft.com/developer/msbuild/2003">
  <ItemGroup>
    <Filter Include="Source Files">
      <UniqueIdentifier>{4FC737F1-C7A5-4376-A066-2A32D752A2FF}</UniqueIdentifier>
      <Extensions>cpp;c;cc;cxx;def;odl;idl;hpj;bat;asm;asmx</Extensions>
    </Filter>
    <Filter Include="Header Files">
      <UniqueIdentifier>{93995380-89BD-4b04-88EB-625FBE52EBFB}</UniqueIdentifier>
      <Extensions>h;hh;hpp;hxx;hm;inl;inc;xsd</Extensions>
    </Filter>
    <Filter Include="Resource Files">
      <UniqueIdentifier>{67DA6AB6-F800-4c08-8B7A-83BB121AAD01}</UniqueIdentifier>
      <Extensions>rc;ico;cur;bmp;dlg;rc2;rct;bin;rgs;gif;jpg;jpeg;jpe;resx;tiff;tif;png;wav;mfcribbon-ms</Extensions>
    </Filter>
  </ItemGroup>
  <ItemGroup>
    <ClCompile Include="src\1_HelloTriangle\HelloTriangleSrc.cpp">
      <Filter>Source Files</Filter>
    </ClCompile>
    <ClCompile Include="src\1_HelloTriangle\HelloTriangleTask1.cpp">
      <Filter>Source Files</Filter>
    </ClCompile>
    <ClCompile Include="src\1_HelloTriangle\HelloTriangleTask2.cpp">
      <Filter>Source Files</Filter>
    </ClCompile>
    <ClCompile Include="src\1_HelloTriangle\HelloTriangleTask3.cpp">
      <Filter>Source Files</Filter>
    </ClCompile>
    <ClCompile Include="src\1_HelloTriangle\HelloTriangleTask4.cpp">
      <Filter>Source Files</Filter>
    </ClCompile>
    <ClCompile Include="src\2_Shaders\shaderClass\Shader.cpp">
      <Filter>Source Files</Filter>
    </ClCompile>
    <ClCompile Include="src\2_Shaders\ShadersClass.cpp">
      <Filter>Source Files</Filter>
    </ClCompile>
    <ClCompile Include="src\2_Shaders\ShadersInterpolation.cpp">
      <Filter>Source Files</Filter>
    </ClCompile>
    <ClCompile Include="src\2_Shaders\ShadersUniform.cpp">
      <Filter>Source Files</Filter>
    </ClCompile>
    <ClCompile Include="src\2_Shaders\ShaderTask1.cpp">
      <Filter>Source Files</Filter>
    </ClCompile>
    <ClCompile Include="src\2_Shaders\ShaderTask2.cpp">
      <Filter>Source Files</Filter>
    </ClCompile>
    <ClCompile Include="src\2_Shaders\ShaderTask3.cpp">
      <Filter>Source Files</Filter>
    </ClCompile>
    <ClCompile Include="Dependencies\glad\src\glad.c">
      <Filter>Source Files</Filter>
    </ClCompile>
    <ClCompile Include="Dependencies\OtherLibs\stb_image.cpp">
      <Filter>Source Files</Filter>
    </ClCompile>
    <ClCompile Include="src\3_Texture\Textures.cpp">
      <Filter>Source Files</Filter>
    </ClCompile>
    <ClCompile Include="src\3_Texture\TexturesCombined.cpp">
      <Filter>Source Files</Filter>
    </ClCompile>
    <ClCompile Include="src\3_Texture\TextureTask1.cpp">
      <Filter>Source Files</Filter>
    </ClCompile>
    <ClCompile Include="Dependencies\OtherLibs\ShaderClass\Shader.cpp">
      <Filter>Source Files</Filter>
    </ClCompile>
    <ClCompile Include="src\3_Texture\TextureTask2.cpp">
      <Filter>Source Files</Filter>
    </ClCompile>
    <ClCompile Include="src\3_Texture\TextureTask3.cpp">
      <Filter>Source Files</Filter>
    </ClCompile>
    <ClCompile Include="src\3_Texture\TextureTask4.cpp">
      <Filter>Source Files</Filter>
    </ClCompile>
    <ClCompile Include="src\4_Transformations\Transformations.cpp">
      <Filter>Source Files</Filter>
    </ClCompile>
    <ClCompile Include="src\5_CoordinateSystems\CoordinateSystems1.cpp">
      <Filter>Source Files</Filter>
    </ClCompile>
    <ClCompile Include="src\5_CoordinateSystems\CoordinateSystems2.cpp">
      <Filter>Source Files</Filter>
    </ClCompile>
    <ClCompile Include="src\5_CoordinateSystems\CoordinateSystems3.cpp">
      <Filter>Source Files</Filter>
    </ClCompile>
    <ClCompile Include="src\5_CoordinateSystems\CoordinateSystemsTask1.cpp">
      <Filter>Source Files</Filter>
    </ClCompile>
    <ClCompile Include="src\6_Camera\1_CameraCircle.cpp">
      <Filter>Source Files</Filter>
    </ClCompile>
    <ClCompile Include="src\6_Camera\2_CameraKeyboard.cpp">
      <Filter>Source Files</Filter>
    </ClCompile>
    <ClCompile Include="src\6_Camera\3_CameraMouseZoom.cpp">
      <Filter>Source Files</Filter>
    </ClCompile>
  </ItemGroup>
  <ItemGroup>
    <None Include="src\2_Shaders\ShaderFiles\shader1.frs" />
    <None Include="src\2_Shaders\ShaderFiles\shader1.vs" />
    <None Include="src\2_Shaders\ShaderFiles\shader2.vs" />
    <None Include="src\2_Shaders\ShaderFiles\shader3.vs" />
    <None Include="src\2_Shaders\ShaderFiles\Shader4.frs" />
    <None Include="src\2_Shaders\ShaderFiles\Shader4.vs" />
    <None Include="src\3_Texture\ShaderFiles\Shader1.vs" />
    <None Include="src\3_Texture\ShaderFiles\Shader1.frs" />
    <None Include="src\3_Texture\ShaderFiles\Shader2.frs" />
    <None Include="src\3_Texture\ShaderFiles\ShaderTask4.vs" />
    <None Include="src\3_Texture\ShaderFiles\ShaderTask4.frs" />
    <None Include="src\4_Transformations\ShaderFiles\Shader1.vs" />
    <None Include="src\4_Transformations\ShaderFiles\Shader1.frs" />
    <None Include="src\5_CoordinateSystems\ShaderFiles\Shader1.frs" />
    <None Include="src\5_CoordinateSystems\ShaderFiles\Shader1.vs" />
    <None Include="src\6_Camera\ShaderFiles\Shader1.vs" />
    <None Include="src\6_Camera\ShaderFiles\Shader1.frs" />
  </ItemGroup>
  <ItemGroup>
    <ClInclude Include="src\2_Shaders\shaderClass\Shader.h">
      <Filter>Header Files</Filter>
    </ClInclude>
    <ClInclude Include="Dependencies\OtherLibs\ShaderClass\Shader.h">
      <Filter>Header Files</Filter>
    </ClInclude>
    <ClInclude Include="Dependencies\OtherLibs\ShaderClass\Shader1.h">
      <Filter>Header Files</Filter>
    </ClInclude>
  </ItemGroup>
  <ItemGroup>
    <Image Include="Resources\imgs\container.jpg">
      <Filter>Resource Files</Filter>
    </Image>
    <Image Include="Resources\imgs\wall.jpg">
      <Filter>Resource Files</Filter>
    </Image>
    <Image Include="Resources\imgs\awesomeface.png">
      <Filter>Resource Files</Filter>
    </Image>
  </ItemGroup>
  <ItemGroup>
    <Text Include="Dependencies\OtherLibs\README.txt" />
  </ItemGroup>
</Project>